
Microsoft Visual Studio Solution File, Format Version 12.00
# Visual Studio 15
VisualStudioVersion = 15.0.26730.12
MinimumVisualStudioVersion = 10.0.40219.1
Project("{FAE04EC0-301F-11D3-BF4B-00C04F79EFBC}") = "ProtoTool", "ProtoTool\ProtoTool.csproj", "{EE6B2EFB-CF4B-4126-BDF6-5CE6F33E0C22}"
EndProject
Global
	GlobalSection(SolutionConfigurationPlatforms) = preSolution
		Debug|Any CPU = Debug|Any CPU
		Release|Any CPU = Release|Any CPU
	EndGlobalSection
	GlobalSection(ProjectConfigurationPlatforms) = postSolution
		{EE6B2EFB-CF4B-4126-BDF6-5CE6F33E0C22}.Debug|Any CPU.ActiveCfg = Debug|Any CPU
		{EE6B2EFB-CF4B-4126-BDF6-5CE6F33E0C22}.Debug|Any CPU.Build.0 = Debug|Any CPU
		{EE6B2EFB-CF4B-4126-BDF6-5CE6F33E0C22}.Release|Any CPU.ActiveCfg = Release|Any CPU
		{EE6B2EFB-CF4B-4126-BDF6-5CE6F33E0C22}.Release|Any CPU.Build.0 = Release|Any CPU
	EndGlobalSection
	GlobalSection(SolutionProperties) = preSolution
		HideSolutionNode = FALSE
	EndGlobalSection
	GlobalSection(ExtensibilityGlobals) = postSolution
		SolutionGuid = {B2794A4B-5135-4B98-9165-01ABF05F9167}
	EndGlobalSection
EndGlobal
